// !$*UTF8*$!
{
	archiveVersion = 1;
	classes = {
	};
	objectVersion = 46;
	objects = {

/* Begin PBXBuildFile section */
		3AF00A6118D36DB8001D1CC8 /* Foundation.framework in Frameworks */ = {isa = PBXBuildFile; fileRef = 3AF00A6018D36DB8001D1CC8 /* Foundation.framework */; };
		3AF00A6318D36DB8001D1CC8 /* CoreGraphics.framework in Frameworks */ = {isa = PBXBuildFile; fileRef = 3AF00A6218D36DB8001D1CC8 /* CoreGraphics.framework */; };
		3AF00A6518D36DB8001D1CC8 /* UIKit.framework in Frameworks */ = {isa = PBXBuildFile; fileRef = 3AF00A6418D36DB8001D1CC8 /* UIKit.framework */; };
		3AF00A6B18D36DB8001D1CC8 /* InfoPlist.strings in Resources */ = {isa = PBXBuildFile; fileRef = 3AF00A6918D36DB8001D1CC8 /* InfoPlist.strings */; };
		3AF00A6D18D36DB8001D1CC8 /* main.m in Sources */ = {isa = PBXBuildFile; fileRef = 3AF00A6C18D36DB8001D1CC8 /* main.m */; };
		3AF00A7118D36DB8001D1CC8 /* AppDelegate.m in Sources */ = {isa = PBXBuildFile; fileRef = 3AF00A7018D36DB8001D1CC8 /* AppDelegate.m */; };
		3AF00A7418D36DB8001D1CC8 /* Main_iPhone.storyboard in Resources */ = {isa = PBXBuildFile; fileRef = 3AF00A7218D36DB8001D1CC8 /* Main_iPhone.storyboard */; };
		3AF00A7718D36DB8001D1CC8 /* Main_iPad.storyboard in Resources */ = {isa = PBXBuildFile; fileRef = 3AF00A7518D36DB8001D1CC8 /* Main_iPad.storyboard */; };
		3AF00A7A18D36DB8001D1CC8 /* ViewController.m in Sources */ = {isa = PBXBuildFile; fileRef = 3AF00A7918D36DB8001D1CC8 /* ViewController.m */; };
		3AF00A7C18D36DB8001D1CC8 /* Images.xcassets in Resources */ = {isa = PBXBuildFile; fileRef = 3AF00A7B18D36DB8001D1CC8 /* Images.xcassets */; };
		3AF00A8318D36DB8001D1CC8 /* XCTest.framework in Frameworks */ = {isa = PBXBuildFile; fileRef = 3AF00A8218D36DB8001D1CC8 /* XCTest.framework */; };
		3AF00A8418D36DB8001D1CC8 /* Foundation.framework in Frameworks */ = {isa = PBXBuildFile; fileRef = 3AF00A6018D36DB8001D1CC8 /* Foundation.framework */; };
		3AF00A8518D36DB8001D1CC8 /* UIKit.framework in Frameworks */ = {isa = PBXBuildFile; fileRef = 3AF00A6418D36DB8001D1CC8 /* UIKit.framework */; };
		3AF00A8D18D36DB8001D1CC8 /* InfoPlist.strings in Resources */ = {isa = PBXBuildFile; fileRef = 3AF00A8B18D36DB8001D1CC8 /* InfoPlist.strings */; };
		3AF00A8F18D36DB8001D1CC8 /* twitterpinTests.m in Sources */ = {isa = PBXBuildFile; fileRef = 3AF00A8E18D36DB8001D1CC8 /* twitterpinTests.m */; };
/* End PBXBuildFile section */

/* Begin PBXContainerItemProxy section */
		3AF00A8618D36DB8001D1CC8 /* PBXContainerItemProxy */ = {
			isa = PBXContainerItemProxy;
			containerPortal = 3AF00A5518D36DB8001D1CC8 /* Project object */;
			proxyType = 1;
			remoteGlobalIDString = 3AF00A5C18D36DB8001D1CC8;
			remoteInfo = twitterpin;
		};
/* End PBXContainerItemProxy section */

/* Begin PBXFileReference section */
		3AF00A5D18D36DB8001D1CC8 /* twitterpin.app */ = {isa = PBXFileReference; explicitFileType = wrapper.application; includeInIndex = 0; path = twitterpin.app; sourceTree = BUILT_PRODUCTS_DIR; };
		3AF00A6018D36DB8001D1CC8 /* Foundation.framework */ = {isa = PBXFileReference; lastKnownFileType = wrapper.framework; name = Foundation.framework; path = System/Library/Frameworks/Foundation.framework; sourceTree = SDKROOT; };
		3AF00A6218D36DB8001D1CC8 /* CoreGraphics.framework */ = {isa = PBXFileReference; lastKnownFileType = wrapper.framework; name = CoreGraphics.framework; path = System/Library/Frameworks/CoreGraphics.framework; sourceTree = SDKROOT; };
		3AF00A6418D36DB8001D1CC8 /* UIKit.framework */ = {isa = PBXFileReference; lastKnownFileType = wrapper.framework; name = UIKit.framework; path = System/Library/Frameworks/UIKit.framework; sourceTree = SDKROOT; };
		3AF00A6818D36DB8001D1CC8 /* twitterpin-Info.plist */ = {isa = PBXFileReference; lastKnownFileType = text.plist.xml; path = "twitterpin-Info.plist"; sourceTree = "<group>"; };
		3AF00A6A18D36DB8001D1CC8 /* en */ = {isa = PBXFileReference; lastKnownFileType = text.plist.strings; name = en; path = en.lproj/InfoPlist.strings; sourceTree = "<group>"; };
		3AF00A6C18D36DB8001D1CC8 /* main.m */ = {isa = PBXFileReference; lastKnownFileType = sourcecode.c.objc; path = main.m; sourceTree = "<group>"; };
		3AF00A6E18D36DB8001D1CC8 /* twitterpin-Prefix.pch */ = {isa = PBXFileReference; lastKnownFileType = sourcecode.c.h; path = "twitterpin-Prefix.pch"; sourceTree = "<group>"; };
		3AF00A6F18D36DB8001D1CC8 /* AppDelegate.h */ = {isa = PBXFileReference; lastKnownFileType = sourcecode.c.h; path = AppDelegate.h; sourceTree = "<group>"; };
		3AF00A7018D36DB8001D1CC8 /* AppDelegate.m */ = {isa = PBXFileReference; lastKnownFileType = sourcecode.c.objc; path = AppDelegate.m; sourceTree = "<group>"; };
		3AF00A7318D36DB8001D1CC8 /* Base */ = {isa = PBXFileReference; lastKnownFileType = file.storyboard; name = Base; path = Base.lproj/Main_iPhone.storyboard; sourceTree = "<group>"; };
		3AF00A7618D36DB8001D1CC8 /* Base */ = {isa = PBXFileReference; lastKnownFileType = file.storyboard; name = Base; path = Base.lproj/Main_iPad.storyboard; sourceTree = "<group>"; };
		3AF00A7818D36DB8001D1CC8 /* ViewController.h */ = {isa = PBXFileReference; lastKnownFileType = sourcecode.c.h; path = ViewController.h; sourceTree = "<group>"; };
		3AF00A7918D36DB8001D1CC8 /* ViewController.m */ = {isa = PBXFileReference; lastKnownFileType = sourcecode.c.objc; path = ViewController.m; sourceTree = "<group>"; };
		3AF00A7B18D36DB8001D1CC8 /* Images.xcassets */ = {isa = PBXFileReference; lastKnownFileType = folder.assetcatalog; path = Images.xcassets; sourceTree = "<group>"; };
		3AF00A8118D36DB8001D1CC8 /* twitterpinTests.xctest */ = {isa = PBXFileReference; explicitFileType = wrapper.cfbundle; includeInIndex = 0; path = twitterpinTests.xctest; sourceTree = BUILT_PRODUCTS_DIR; };
		3AF00A8218D36DB8001D1CC8 /* XCTest.framework */ = {isa = PBXFileReference; lastKnownFileType = wrapper.framework; name = XCTest.framework; path = Library/Frameworks/XCTest.framework; sourceTree = DEVELOPER_DIR; };
		3AF00A8A18D36DB8001D1CC8 /* twitterpinTests-Info.plist */ = {isa = PBXFileReference; lastKnownFileType = text.plist.xml; path = "twitterpinTests-Info.plist"; sourceTree = "<group>"; };
		3AF00A8C18D36DB8001D1CC8 /* en */ = {isa = PBXFileReference; lastKnownFileType = text.plist.strings; name = en; path = en.lproj/InfoPlist.strings; sourceTree = "<group>"; };
		3AF00A8E18D36DB8001D1CC8 /* twitterpinTests.m */ = {isa = PBXFileReference; lastKnownFileType = sourcecode.c.objc; path = twitterpinTests.m; sourceTree = "<group>"; };
/* End PBXFileReference section */

/* Begin PBXFrameworksBuildPhase section */
		3AF00A5A18D36DB8001D1CC8 /* Frameworks */ = {
			isa = PBXFrameworksBuildPhase;
			buildActionMask = 2147483647;
			files = (
				3AF00A6318D36DB8001D1CC8 /* CoreGraphics.framework in Frameworks */,
				3AF00A6518D36DB8001D1CC8 /* UIKit.framework in Frameworks */,
				3AF00A6118D36DB8001D1CC8 /* Foundation.framework in Frameworks */,
			);
			runOnlyForDeploymentPostprocessing = 0;
		};
		3AF00A7E18D36DB8001D1CC8 /* Frameworks */ = {
			isa = PBXFrameworksBuildPhase;
			buildActionMask = 2147483647;
			files = (
				3AF00A8318D36DB8001D1CC8 /* XCTest.framework in Frameworks */,
				3AF00A8518D36DB8001D1CC8 /* UIKit.framework in Frameworks */,
				3AF00A8418D36DB8001D1CC8 /* Foundation.framework in Frameworks */,
			);
			runOnlyForDeploymentPostprocessing = 0;
		};
/* End PBXFrameworksBuildPhase section */

/* Begin PBXGroup section */
		3AF00A5418D36DB8001D1CC8 = {
			isa = PBXGroup;
			children = (
				3AF00A6618D36DB8001D1CC8 /* twitterpin */,
				3AF00A8818D36DB8001D1CC8 /* twitterpinTests */,
				3AF00A5F18D36DB8001D1CC8 /* Frameworks */,
				3AF00A5E18D36DB8001D1CC8 /* Products */,
			);
			sourceTree = "<group>";
		};
		3AF00A5E18D36DB8001D1CC8 /* Products */ = {
			isa = PBXGroup;
			children = (
				3AF00A5D18D36DB8001D1CC8 /* twitterpin.app */,
				3AF00A8118D36DB8001D1CC8 /* twitterpinTests.xctest */,
			);
			name = Products;
			sourceTree = "<group>";
		};
		3AF00A5F18D36DB8001D1CC8 /* Frameworks */ = {
			isa = PBXGroup;
			children = (
				3AF00A6018D36DB8001D1CC8 /* Foundation.framework */,
				3AF00A6218D36DB8001D1CC8 /* CoreGraphics.framework */,
				3AF00A6418D36DB8001D1CC8 /* UIKit.framework */,
				3AF00A8218D36DB8001D1CC8 /* XCTest.framework */,
			);
			name = Frameworks;
			sourceTree = "<group>";
		};
		3AF00A6618D36DB8001D1CC8 /* twitterpin */ = {
			isa = PBXGroup;
			children = (
				3AF00A6F18D36DB8001D1CC8 /* AppDelegate.h */,
				3AF00A7018D36DB8001D1CC8 /* AppDelegate.m */,
				3AF00A7218D36DB8001D1CC8 /* Main_iPhone.storyboard */,
				3AF00A7518D36DB8001D1CC8 /* Main_iPad.storyboard */,
				3AF00A7818D36DB8001D1CC8 /* ViewController.h */,
				3AF00A7918D36DB8001D1CC8 /* ViewController.m */,
				3AF00A7B18D36DB8001D1CC8 /* Images.xcassets */,
				3AF00A6718D36DB8001D1CC8 /* Supporting Files */,
			);
			path = twitterpin;
			sourceTree = "<group>";
		};
		3AF00A6718D36DB8001D1CC8 /* Supporting Files */ = {
			isa = PBXGroup;
			children = (
				3AF00A6818D36DB8001D1CC8 /* twitterpin-Info.plist */,
				3AF00A6918D36DB8001D1CC8 /* InfoPlist.strings */,
				3AF00A6C18D36DB8001D1CC8 /* main.m */,
				3AF00A6E18D36DB8001D1CC8 /* twitterpin-Prefix.pch */,
			);
			name = "Supporting Files";
			sourceTree = "<group>";
		};
		3AF00A8818D36DB8001D1CC8 /* twitterpinTests */ = {
			isa = PBXGroup;
			children = (
				3AF00A8E18D36DB8001D1CC8 /* twitterpinTests.m */,
				3AF00A8918D36DB8001D1CC8 /* Supporting Files */,
			);
			path = twitterpinTests;
			sourceTree = "<group>";
		};
		3AF00A8918D36DB8001D1CC8 /* Supporting Files */ = {
			isa = PBXGroup;
			children = (
				3AF00A8A18D36DB8001D1CC8 /* twitterpinTests-Info.plist */,
				3AF00A8B18D36DB8001D1CC8 /* InfoPlist.strings */,
			);
			name = "Supporting Files";
			sourceTree = "<group>";
		};
/* End PBXGroup section */

/* Begin PBXNativeTarget section */
		3AF00A5C18D36DB8001D1CC8 /* twitterpin */ = {
			isa = PBXNativeTarget;
			buildConfigurationList = 3AF00A9218D36DB8001D1CC8 /* Build configuration list for PBXNativeTarget "twitterpin" */;
			buildPhases = (
				3AF00A5918D36DB8001D1CC8 /* Sources */,
				3AF00A5A18D36DB8001D1CC8 /* Frameworks */,
				3AF00A5B18D36DB8001D1CC8 /* Resources */,
			);
			buildRules = (
			);
			dependencies = (
			);
			name = twitterpin;
			productName = twitterpin;
			productReference = 3AF00A5D18D36DB8001D1CC8 /* twitterpin.app */;
			productType = "com.apple.product-type.application";
		};
		3AF00A8018D36DB8001D1CC8 /* twitterpinTests */ = {
			isa = PBXNativeTarget;
			buildConfigurationList = 3AF00A9518D36DB8001D1CC8 /* Build configuration list for PBXNativeTarget "twitterpinTests" */;
			buildPhases = (
				3AF00A7D18D36DB8001D1CC8 /* Sources */,
				3AF00A7E18D36DB8001D1CC8 /* Frameworks */,
				3AF00A7F18D36DB8001D1CC8 /* Resources */,
			);
			buildRules = (
			);
			dependencies = (
				3AF00A8718D36DB8001D1CC8 /* PBXTargetDependency */,
			);
			name = twitterpinTests;
			productName = twitterpinTests;
			productReference = 3AF00A8118D36DB8001D1CC8 /* twitterpinTests.xctest */;
			productType = "com.apple.product-type.bundle.unit-test";
		};
/* End PBXNativeTarget section */

/* Begin PBXProject section */
		3AF00A5518D36DB8001D1CC8 /* Project object */ = {
			isa = PBXProject;
			attributes = {
				LastUpgradeCheck = 0510;
				ORGANIZATIONNAME = "Adrian Manolache";
				TargetAttributes = {
					3AF00A8018D36DB8001D1CC8 = {
						TestTargetID = 3AF00A5C18D36DB8001D1CC8;
					};
				};
			};
			buildConfigurationList = 3AF00A5818D36DB8001D1CC8 /* Build configuration list for PBXProject "twitterpin" */;
			compatibilityVersion = "Xcode 3.2";
			developmentRegion = English;
			hasScannedForEncodings = 0;
			knownRegions = (
				en,
				Base,
			);
			mainGroup = 3AF00A5418D36DB8001D1CC8;
			productRefGroup = 3AF00A5E18D36DB8001D1CC8 /* Products */;
			projectDirPath = "";
			projectRoot = "";
			targets = (
				3AF00A5C18D36DB8001D1CC8 /* twitterpin */,
				3AF00A8018D36DB8001D1CC8 /* twitterpinTests */,
			);
		};
/* End PBXProject section */

/* Begin PBXResourcesBuildPhase section */
		3AF00A5B18D36DB8001D1CC8 /* Resources */ = {
			isa = PBXResourcesBuildPhase;
			buildActionMask = 2147483647;
			files = (
				3AF00A7718D36DB8001D1CC8 /* Main_iPad.storyboard in Resources */,
				3AF00A7C18D36DB8001D1CC8 /* Images.xcassets in Resources */,
				3AF00A7418D36DB8001D1CC8 /* Main_iPhone.storyboard in Resources */,
				3AF00A6B18D36DB8001D1CC8 /* InfoPlist.strings in Resources */,
			);
			runOnlyForDeploymentPostprocessing = 0;
		};
		3AF00A7F18D36DB8001D1CC8 /* Resources */ = {
			isa = PBXResourcesBuildPhase;
			buildActionMask = 2147483647;
			files = (
				3AF00A8D18D36DB8001D1CC8 /* InfoPlist.strings in Resources */,
			);
			runOnlyForDeploymentPostprocessing = 0;
		};
/* End PBXResourcesBuildPhase section */

/* Begin PBXSourcesBuildPhase section */
		3AF00A5918D36DB8001D1CC8 /* Sources */ = {
			isa = PBXSourcesBuildPhase;
			buildActionMask = 2147483647;
			files = (
				3AF00A7A18D36DB8001D1CC8 /* ViewController.m in Sources */,
				3AF00A7118D36DB8001D1CC8 /* AppDelegate.m in Sources */,
				3AF00A6D18D36DB8001D1CC8 /* main.m in Sources */,
			);
			runOnlyForDeploymentPostprocessing = 0;
		};
		3AF00A7D18D36DB8001D1CC8 /* Sources */ = {
			isa = PBXSourcesBuildPhase;
			buildActionMask = 2147483647;
			files = (
				3AF00A8F18D36DB8001D1CC8 /* twitterpinTests.m in Sources */,
			);
			runOnlyForDeploymentPostprocessing = 0;
		};
/* End PBXSourcesBuildPhase section */

/* Begin PBXTargetDependency section */
		3AF00A8718D36DB8001D1CC8 /* PBXTargetDependency */ = {
			isa = PBXTargetDependency;
			target = 3AF00A5C18D36DB8001D1CC8 /* twitterpin */;
			targetProxy = 3AF00A8618D36DB8001D1CC8 /* PBXContainerItemProxy */;
		};
/* End PBXTargetDependency section */

/* Begin PBXVariantGroup section */
		3AF00A6918D36DB8001D1CC8 /* InfoPlist.strings */ = {
			isa = PBXVariantGroup;
			children = (
				3AF00A6A18D36DB8001D1CC8 /* en */,
			);
			name = InfoPlist.strings;
			sourceTree = "<group>";
		};
		3AF00A7218D36DB8001D1CC8 /* Main_iPhone.storyboard */ = {
			isa = PBXVariantGroup;
			children = (
				3AF00A7318D36DB8001D1CC8 /* Base */,
			);
			name = Main_iPhone.storyboard;
			sourceTree = "<group>";
		};
		3AF00A7518D36DB8001D1CC8 /* Main_iPad.storyboard */ = {
			isa = PBXVariantGroup;
			children = (
				3AF00A7618D36DB8001D1CC8 /* Base */,
			);
			name = Main_iPad.storyboard;
			sourceTree = "<group>";
		};
		3AF00A8B18D36DB8001D1CC8 /* InfoPlist.strings */ = {
			isa = PBXVariantGroup;
			children = (
				3AF00A8C18D36DB8001D1CC8 /* en */,
			);
			name = InfoPlist.strings;
			sourceTree = "<group>";
		};
/* End PBXVariantGroup section */

/* Begin XCBuildConfiguration section */
		3AF00A9018D36DB8001D1CC8 /* Debug */ = {
			isa = XCBuildConfiguration;
			buildSettings = {
				ALWAYS_SEARCH_USER_PATHS = NO;
				CLANG_CXX_LANGUAGE_STANDARD = "gnu++0x";
				CLANG_CXX_LIBRARY = "libc++";
				CLANG_ENABLE_MODULES = YES;
				CLANG_ENABLE_OBJC_ARC = YES;
				CLANG_WARN_BOOL_CONVERSION = YES;
				CLANG_WARN_CONSTANT_CONVERSION = YES;
				CLANG_WARN_DIRECT_OBJC_ISA_USAGE = YES_ERROR;
				CLANG_WARN_EMPTY_BODY = YES;
				CLANG_WARN_ENUM_CONVERSION = YES;
				CLANG_WARN_INT_CONVERSION = YES;
				CLANG_WARN_OBJC_ROOT_CLASS = YES_ERROR;
				CLANG_WARN__DUPLICATE_METHOD_MATCH = YES;
				"CODE_SIGN_IDENTITY[sdk=iphoneos*]" = "iPhone Developer";
				COPY_PHASE_STRIP = NO;
				GCC_C_LANGUAGE_STANDARD = gnu99;
				GCC_DYNAMIC_NO_PIC = NO;
				GCC_OPTIMIZATION_LEVEL = 0;
				GCC_PREPROCESSOR_DEFINITIONS = (
					"DEBUG=1",
					"$(inherited)",
				);
				GCC_SYMBOLS_PRIVATE_EXTERN = NO;
				GCC_WARN_64_TO_32_BIT_CONVERSION = YES;
				GCC_WARN_ABOUT_RETURN_TYPE = YES_ERROR;
				GCC_WARN_UNDECLARED_SELECTOR = YES;
				GCC_WARN_UNINITIALIZED_AUTOS = YES_AGGRESSIVE;
				GCC_WARN_UNUSED_FUNCTION = YES;
				GCC_WARN_UNUSED_VARIABLE = YES;
				IPHONEOS_DEPLOYMENT_TARGET = 7.1;
				ONLY_ACTIVE_ARCH = YES;
				SDKROOT = iphoneos;
				TARGETED_DEVICE_FAMILY = "1,2";
			};
			name = Debug;
		};
		3AF00A9118D36DB8001D1CC8 /* Release */ = {
			isa = XCBuildConfiguration;
			buildSettings = {
				ALWAYS_SEARCH_USER_PATHS = NO;
				CLANG_CXX_LANGUAGE_STANDARD = "gnu++0x";
				CLANG_CXX_LIBRARY = "libc++";
				CLANG_ENABLE_MODULES = YES;
				CLANG_ENABLE_OBJC_ARC = YES;
				CLANG_WARN_BOOL_CONVERSION = YES;
				CLANG_WARN_CONSTANT_CONVERSION = YES;
				CLANG_WARN_DIRECT_OBJC_ISA_USAGE = YES_ERROR;
				CLANG_WARN_EMPTY_BODY = YES;
				CLANG_WARN_ENUM_CONVERSION = YES;
				CLANG_WARN_INT_CONVERSION = YES;
				CLANG_WARN_OBJC_ROOT_CLASS = YES_ERROR;
				CLANG_WARN__DUPLICATE_METHOD_MATCH = YES;
				"CODE_SIGN_IDENTITY[sdk=iphoneos*]" = "iPhone Developer";
				COPY_PHASE_STRIP = YES;
				ENABLE_NS_ASSERTIONS = NO;
				GCC_C_LANGUAGE_STANDARD = gnu99;
				GCC_WARN_64_TO_32_BIT_CONVERSION = YES;
				GCC_WARN_ABOUT_RETURN_TYPE = YES_ERROR;
				GCC_WARN_UNDECLARED_SELECTOR = YES;
				GCC_WARN_UNINITIALIZED_AUTOS = YES_AGGRESSIVE;
				GCC_WARN_UNUSED_FUNCTION = YES;
				GCC_WARN_UNUSED_VARIABLE = YES;
				IPHONEOS_DEPLOYMENT_TARGET = 7.1;
				SDKROOT = iphoneos;
				TARGETED_DEVICE_FAMILY = "1,2";
				VALIDATE_PRODUCT = YES;
			};
			name = Release;
		};
		3AF00A9318D36DB8001D1CC8 /* Debug */ = {
			isa = XCBuildConfiguration;
			buildSettings = {
				ASSETCATALOG_COMPILER_APPICON_NAME = AppIcon;
				ASSETCATALOG_COMPILER_LAUNCHIMAGE_NAME = LaunchImage;
				GCC_PRECOMPILE_PREFIX_HEADER = YES;
				GCC_PREFIX_HEADER = "twitterpin/twitterpin-Prefix.pch";
				INFOPLIST_FILE = "twitterpin/twitterpin-Info.plist";
				PRODUCT_NAME = "$(TARGET_NAME)";
				WRAPPER_EXTENSION = app;
			};
			name = Debug;
		};
		3AF00A9418D36DB8001D1CC8 /* Release */ = {
			isa = XCBuildConfiguration;
			buildSettings = {
				ASSETCATALOG_COMPILER_APPICON_NAME = AppIcon;
				ASSETCATALOG_COMPILER_LAUNCHIMAGE_NAME = LaunchImage;
				GCC_PRECOMPILE_PREFIX_HEADER = YES;
				GCC_PREFIX_HEADER = "twitterpin/twitterpin-Prefix.pch";
				INFOPLIST_FILE = "twitterpin/twitterpin-Info.plist";
				PRODUCT_NAME = "$(TARGET_NAME)";
				WRAPPER_EXTENSION = app;
			};
			name = Release;
		};
		3AF00A9618D36DB8001D1CC8 /* Debug */ = {
			isa = XCBuildConfiguration;
			buildSettings = {
				BUNDLE_LOADER = "$(BUILT_PRODUCTS_DIR)/twitterpin.app/twitterpin";
				FRAMEWORK_SEARCH_PATHS = (
					"$(SDKROOT)/Developer/Library/Frameworks",
					"$(inherited)",
					"$(DEVELOPER_FRAMEWORKS_DIR)",
				);
				GCC_PRECOMPILE_PREFIX_HEADER = YES;
				GCC_PREFIX_HEADER = "twitterpin/twitterpin-Prefix.pch";
				GCC_PREPROCESSOR_DEFINITIONS = (
					"DEBUG=1",
					"$(inherited)",
				);
				INFOPLIST_FILE = "twitterpinTests/twitterpinTests-Info.plist";
				PRODUCT_NAME = "$(TARGET_NAME)";
				TEST_HOST = "$(BUNDLE_LOADER)";
				WRAPPER_EXTENSION = xctest;
			};
			name = Debug;
		};
		3AF00A9718D36DB8001D1CC8 /* Release */ = {
			isa = XCBuildConfiguration;
			buildSettings = {
				BUNDLE_LOADER = "$(BUILT_PRODUCTS_DIR)/twitterpin.app/twitterpin";
				FRAMEWORK_SEARCH_PATHS = (
					"$(SDKROOT)/Developer/Library/Frameworks",
					"$(inherited)",
					"$(DEVELOPER_FRAMEWORKS_DIR)",
				);
				GCC_PRECOMPILE_PREFIX_HEADER = YES;
				GCC_PREFIX_HEADER = "twitterpin/twitterpin-Prefix.pch";
				INFOPLIST_FILE = "twitterpinTests/twitterpinTests-Info.plist";
				PRODUCT_NAME = "$(TARGET_NAME)";
				TEST_HOST = "$(BUNDLE_LOADER)";
				WRAPPER_EXTENSION = xctest;
			};
			name = Release;
		};
/* End XCBuildConfiguration section */

/* Begin XCConfigurationList section */
		3AF00A5818D36DB8001D1CC8 /* Build configuration list for PBXProject "twitterpin" */ = {
			isa = XCConfigurationList;
			buildConfigurations = (
				3AF00A9018D36DB8001D1CC8 /* Debug */,
				3AF00A9118D36DB8001D1CC8 /* Release */,
			);
			defaultConfigurationIsVisible = 0;
			defaultConfigurationName = Release;
		};
		3AF00A9218D36DB8001D1CC8 /* Build configuration list for PBXNativeTarget "twitterpin" */ = {
			isa = XCConfigurationList;
			buildConfigurations = (
				3AF00A9318D36DB8001D1CC8 /* Debug */,
				3AF00A9418D36DB8001D1CC8 /* Release */,
			);
			defaultConfigurationIsVisible = 0;
		};
		3AF00A9518D36DB8001D1CC8 /* Build configuration list for PBXNativeTarget "twitterpinTests" */ = {
			isa = XCConfigurationList;
			buildConfigurations = (
				3AF00A9618D36DB8001D1CC8 /* Debug */,
				3AF00A9718D36DB8001D1CC8 /* Release */,
			);
			defaultConfigurationIsVisible = 0;
		};
/* End XCConfigurationList section */
	};
	rootObject = 3AF00A5518D36DB8001D1CC8 /* Project object */;
}
